
Microsoft Visual Studio Solution File, Format Version 12.00
# Visual Studio Version 17
VisualStudioVersion = 17.5.002.0
MinimumVisualStudioVersion = 10.0.40219.1
Project("{2150E333-8FDC-42A3-9474-1A3956D46DE8}") = "ECommerce.Microservices", "ECommerce.Microservices", "{44B979F0-C61C-4DE3-B115-03B6E5417F07}"
EndProject
Project("{9A19103F-16F7-4668-BE54-9A1E7A4F7556}") = "ECommerce.IdentityServer.Web", "ECommerce.Microservices\ECommerce.IdentityServer\ECommerce.IdentityServer.Web\ECommerce.IdentityServer.Web.csproj", "{C1D60747-2F5E-457F-B683-8E9FF2C3D351}"
EndProject
Project("{2150E333-8FDC-42A3-9474-1A3956D46DE8}") = "ECommerce.Common", "ECommerce.Common", "{F1F9F7C7-BAD3-4F93-AA35-7433B1AF9EFC}"
EndProject
Project("{9A19103F-16F7-4668-BE54-9A1E7A4F7556}") = "ECommerce.Common.Domain", "ECommerce.Common\ECommerce.Common.Domain\ECommerce.Common.Domain.csproj", "{2A53B038-4A62-4CB9-B668-88D2D7EDE78A}"
EndProject
Project("{9A19103F-16F7-4668-BE54-9A1E7A4F7556}") = "ECommerce.Common.CrossCuttingConcerns", "Ecommerce.Common\ECommerce.Common.CrossCuttingConcerns\ECommerce.Common.CrossCuttingConcerns.csproj", "{B1A7F4E3-011E-4517-9C9F-49707EBA47B1}"
EndProject
Project("{9A19103F-16F7-4668-BE54-9A1E7A4F7556}") = "ECommerce.Common.Infrastructure", "Ecommerce.Common\ECommerce.Common.Infrastructure\ECommerce.Common.Infrastructure.csproj", "{9E7E9D0E-8A32-4C29-B428-6FDDD7EB8620}"
EndProject
Project("{9A19103F-16F7-4668-BE54-9A1E7A4F7556}") = "ECommerce.Common.Application", "Ecommerce.Common\ECommerce.Common.Application\ECommerce.Common.Application.csproj", "{5FC2E04F-5215-48AC-BC3D-11DAE7CF6791}"
EndProject
Project("{2150E333-8FDC-42A3-9474-1A3956D46DE8}") = "ECommerce.IdentityServer", "ECommerce.IdentityServer", "{880C6949-9053-46C3-B7C4-B8C835E6DE6B}"
EndProject
Project("{9A19103F-16F7-4668-BE54-9A1E7A4F7556}") = "ECommerce.IdentityServer", "Ecommerce.Microservices\Ecommerce.IdentityServer\ECommerce.IdentityServer\ECommerce.IdentityServer.csproj", "{5B1CA414-CC3B-444F-B54A-43ABE7841969}"
EndProject
Project("{FAE04EC0-301F-11D3-BF4B-00C04F79EFBC}") = "ECommerce.Shop.Web", "Ecommerce.Microservices\ECommerce.Shop\ECommerce.Shop.Web\ECommerce.Shop.Web.csproj", "{EE662182-E56A-47E7-B34B-866FAC6A0355}"
EndProject
Project("{2150E333-8FDC-42A3-9474-1A3956D46DE8}") = "ECommerce.Shop", "ECommerce.Shop", "{3DC6276B-2116-43E8-A622-5E38759F1491}"
EndProject
Project("{FAE04EC0-301F-11D3-BF4B-00C04F79EFBC}") = "ECommerce.Shop.Domain", "Ecommerce.Microservices\ECommerce.Shop\ECommerce.Shop.Domain\ECommerce.Shop.Domain.csproj", "{E3FF4FC2-E8EE-4B2F-9770-DBFF9131808A}"
EndProject
Project("{FAE04EC0-301F-11D3-BF4B-00C04F79EFBC}") = "ECommerce.Shop.Application", "Ecommerce.Microservices\ECommerce.Shop\ECommerce.Shop.Application\ECommerce.Shop.Application.csproj", "{9AA38D8A-0274-4EBE-9950-601D7CDDDFD5}"
EndProject
Project("{2150E333-8FDC-42A3-9474-1A3956D46DE8}") = "Ecommerce.Gateways", "Ecommerce.Gateways", "{1377D3E2-FE11-44BE-969E-ABD0FAE636F7}"
EndProject
Project("{FAE04EC0-301F-11D3-BF4B-00C04F79EFBC}") = "Ecommerce.Gateways.WebAPI", "Ecommerce.Gateways\ECommerce.Gateways.WebAPI\Ecommerce.Gateways.WebAPI.csproj", "{50AC1EAE-2DCB-4AF6-B548-3BE7DE31778F}"
EndProject
Project("{FAE04EC0-301F-11D3-BF4B-00C04F79EFBC}") = "ECommerce.Gateways.GraphQL", "Ecommerce.Gateways\ECommerce.Gateways.GraphQL\ECommerce.Gateways.GraphQL.csproj", "{E0435900-EDF5-47B5-9FED-B90EB92BE540}"
EndProject
Project("{FAE04EC0-301F-11D3-BF4B-00C04F79EFBC}") = "ECommerce.AspireAppHost", "ECommerce.AspireAppHost\ECommerce.AspireAppHost.csproj", "{00411929-B4B3-48BE-9266-DF53F205738E}"
EndProject
Project("{2150E333-8FDC-42A3-9474-1A3956D46DE8}") = "ECommerce.Configuration", "ECommerce.Configuration", "{06A30947-13F3-412B-A7EF-C633C324CEDD}"
EndProject
Project("{FAE04EC0-301F-11D3-BF4B-00C04F79EFBC}") = "ECommerce.Configuration.Api", "Ecommerce.Microservices\ECommerce.Configuration\ECommerce.Configuration.Api\ECommerce.Configuration.Api.csproj", "{05BC363B-7DA5-4DFB-A418-24CC03B5D8FF}"
EndProject
Project("{2150E333-8FDC-42A3-9474-1A3956D46DE8}") = "ECommerce.AuditLog", "ECommerce.AuditLog", "{403C7AC1-7AEA-4DD8-9B93-DB41BC3652FD}"
EndProject
Project("{FAE04EC0-301F-11D3-BF4B-00C04F79EFBC}") = "ECommerce.AuditLog", "Ecommerce.Microservices\ECommerce.AuditLog\ECommerce.AuditLog\ECommerce.AuditLog.csproj", "{2966EB6E-D8DE-483B-87D6-060F0495B1B3}"
EndProject
Project("{FAE04EC0-301F-11D3-BF4B-00C04F79EFBC}") = "ECommerce.AuditLog.Api", "Ecommerce.Microservices\ECommerce.AuditLog\ECommerce.AuditLog.Api\ECommerce.AuditLog.Api.csproj", "{1DA7895C-D3C9-4564-997D-6FD47F6331E2}"
EndProject
Project("{2150E333-8FDC-42A3-9474-1A3956D46DE8}") = "ECommerce.Notification", "ECommerce.Notification", "{21E8BBC4-90B8-409D-9357-970CAC591B43}"
EndProject
Project("{FAE04EC0-301F-11D3-BF4B-00C04F79EFBC}") = "ECommerce.Notification", "Ecommerce.Microservices\ECommerce.Notification\ECommerce.Notification\ECommerce.Notification.csproj", "{747C3996-1092-459C-9729-04CA356D5486}"
EndProject
Project("{FAE04EC0-301F-11D3-BF4B-00C04F79EFBC}") = "ECommerce.Notification.Api", "Ecommerce.Microservices\ECommerce.Notification\ECommerce.Notification.Api\ECommerce.Notification.Api.csproj", "{DC08BD2E-CE7C-473C-8B6F-6A72031C206F}"
EndProject
Project("{FAE04EC0-301F-11D3-BF4B-00C04F79EFBC}") = "ECommerce.Notification.Background", "Ecommerce.Microservices\ECommerce.Notification\ECommerce.Notification.Background\ECommerce.Notification.Background.csproj", "{ED361537-12E3-4F3A-8DDC-DF138D6BA00F}"
EndProject
Project("{2150E333-8FDC-42A3-9474-1A3956D46DE8}") = "ECommerce.Storage", "ECommerce.Storage", "{B4C057B7-F208-43B7-8D54-9378E0FE0E08}"
EndProject
Project("{FAE04EC0-301F-11D3-BF4B-00C04F79EFBC}") = "ECommerce.Storage.Api", "Ecommerce.Microservices\ECommerce.Storage\ECommerce.Storage.Api\ECommerce.Storage.Api.csproj", "{38215E3B-A034-4F00-BCA1-61F30A7B56D5}"
EndProject
Project("{2150E333-8FDC-42A3-9474-1A3956D46DE8}") = "ECommerce.Store", "ECommerce.Store", "{026203DA-76AD-43CF-A3D8-C866D84077D8}"
EndProject
Project("{FAE04EC0-301F-11D3-BF4B-00C04F79EFBC}") = "ECommerce.Store.Api", "Ecommerce.Microservices\ECommerce.Store\ECommerce.Store.Api\ECommerce.Store.Api.csproj", "{A5B7884B-CD14-45FE-9C73-BC6961DC32E2}"
EndProject
Project("{FAE04EC0-301F-11D3-BF4B-00C04F79EFBC}") = "ECommerce.AuditLog.Grpc", "Ecommerce.Microservices\ECommerce.AuditLog\ECommerce.AuditLog.Grpc\ECommerce.AuditLog.Grpc.csproj", "{DE606647-5E37-4D77-BD7A-1E91B7F4014C}"
EndProject
Global
	GlobalSection(SolutionConfigurationPlatforms) = preSolution
		Debug|Any CPU = Debug|Any CPU
		Release|Any CPU = Release|Any CPU
	EndGlobalSection
	GlobalSection(ProjectConfigurationPlatforms) = postSolution
		{C1D60747-2F5E-457F-B683-8E9FF2C3D351}.Debug|Any CPU.ActiveCfg = Debug|Any CPU
		{C1D60747-2F5E-457F-B683-8E9FF2C3D351}.Debug|Any CPU.Build.0 = Debug|Any CPU
		{C1D60747-2F5E-457F-B683-8E9FF2C3D351}.Release|Any CPU.ActiveCfg = Release|Any CPU
		{C1D60747-2F5E-457F-B683-8E9FF2C3D351}.Release|Any CPU.Build.0 = Release|Any CPU
		{2A53B038-4A62-4CB9-B668-88D2D7EDE78A}.Debug|Any CPU.ActiveCfg = Debug|Any CPU
		{2A53B038-4A62-4CB9-B668-88D2D7EDE78A}.Debug|Any CPU.Build.0 = Debug|Any CPU
		{2A53B038-4A62-4CB9-B668-88D2D7EDE78A}.Release|Any CPU.ActiveCfg = Release|Any CPU
		{2A53B038-4A62-4CB9-B668-88D2D7EDE78A}.Release|Any CPU.Build.0 = Release|Any CPU
		{B1A7F4E3-011E-4517-9C9F-49707EBA47B1}.Debug|Any CPU.ActiveCfg = Debug|Any CPU
		{B1A7F4E3-011E-4517-9C9F-49707EBA47B1}.Debug|Any CPU.Build.0 = Debug|Any CPU
		{B1A7F4E3-011E-4517-9C9F-49707EBA47B1}.Release|Any CPU.ActiveCfg = Release|Any CPU
		{B1A7F4E3-011E-4517-9C9F-49707EBA47B1}.Release|Any CPU.Build.0 = Release|Any CPU
		{9E7E9D0E-8A32-4C29-B428-6FDDD7EB8620}.Debug|Any CPU.ActiveCfg = Debug|Any CPU
		{9E7E9D0E-8A32-4C29-B428-6FDDD7EB8620}.Debug|Any CPU.Build.0 = Debug|Any CPU
		{9E7E9D0E-8A32-4C29-B428-6FDDD7EB8620}.Release|Any CPU.ActiveCfg = Release|Any CPU
		{9E7E9D0E-8A32-4C29-B428-6FDDD7EB8620}.Release|Any CPU.Build.0 = Release|Any CPU
		{5FC2E04F-5215-48AC-BC3D-11DAE7CF6791}.Debug|Any CPU.ActiveCfg = Debug|Any CPU
		{5FC2E04F-5215-48AC-BC3D-11DAE7CF6791}.Debug|Any CPU.Build.0 = Debug|Any CPU
		{5FC2E04F-5215-48AC-BC3D-11DAE7CF6791}.Release|Any CPU.ActiveCfg = Release|Any CPU
		{5FC2E04F-5215-48AC-BC3D-11DAE7CF6791}.Release|Any CPU.Build.0 = Release|Any CPU
		{5B1CA414-CC3B-444F-B54A-43ABE7841969}.Debug|Any CPU.ActiveCfg = Debug|Any CPU
		{5B1CA414-CC3B-444F-B54A-43ABE7841969}.Debug|Any CPU.Build.0 = Debug|Any CPU
		{5B1CA414-CC3B-444F-B54A-43ABE7841969}.Release|Any CPU.ActiveCfg = Release|Any CPU
		{5B1CA414-CC3B-444F-B54A-43ABE7841969}.Release|Any CPU.Build.0 = Release|Any CPU
		{EE662182-E56A-47E7-B34B-866FAC6A0355}.Debug|Any CPU.ActiveCfg = Debug|Any CPU
		{EE662182-E56A-47E7-B34B-866FAC6A0355}.Debug|Any CPU.Build.0 = Debug|Any CPU
		{EE662182-E56A-47E7-B34B-866FAC6A0355}.Release|Any CPU.ActiveCfg = Release|Any CPU
		{EE662182-E56A-47E7-B34B-866FAC6A0355}.Release|Any CPU.Build.0 = Release|Any CPU
		{E3FF4FC2-E8EE-4B2F-9770-DBFF9131808A}.Debug|Any CPU.ActiveCfg = Debug|Any CPU
		{E3FF4FC2-E8EE-4B2F-9770-DBFF9131808A}.Debug|Any CPU.Build.0 = Debug|Any CPU
		{E3FF4FC2-E8EE-4B2F-9770-DBFF9131808A}.Release|Any CPU.ActiveCfg = Release|Any CPU
		{E3FF4FC2-E8EE-4B2F-9770-DBFF9131808A}.Release|Any CPU.Build.0 = Release|Any CPU
		{9AA38D8A-0274-4EBE-9950-601D7CDDDFD5}.Debug|Any CPU.ActiveCfg = Debug|Any CPU
		{9AA38D8A-0274-4EBE-9950-601D7CDDDFD5}.Debug|Any CPU.Build.0 = Debug|Any CPU
		{9AA38D8A-0274-4EBE-9950-601D7CDDDFD5}.Release|Any CPU.ActiveCfg = Release|Any CPU
		{9AA38D8A-0274-4EBE-9950-601D7CDDDFD5}.Release|Any CPU.Build.0 = Release|Any CPU
		{50AC1EAE-2DCB-4AF6-B548-3BE7DE31778F}.Debug|Any CPU.ActiveCfg = Debug|Any CPU
		{50AC1EAE-2DCB-4AF6-B548-3BE7DE31778F}.Debug|Any CPU.Build.0 = Debug|Any CPU
		{50AC1EAE-2DCB-4AF6-B548-3BE7DE31778F}.Release|Any CPU.ActiveCfg = Release|Any CPU
		{50AC1EAE-2DCB-4AF6-B548-3BE7DE31778F}.Release|Any CPU.Build.0 = Release|Any CPU
		{E0435900-EDF5-47B5-9FED-B90EB92BE540}.Debug|Any CPU.ActiveCfg = Debug|Any CPU
		{E0435900-EDF5-47B5-9FED-B90EB92BE540}.Debug|Any CPU.Build.0 = Debug|Any CPU
		{E0435900-EDF5-47B5-9FED-B90EB92BE540}.Release|Any CPU.ActiveCfg = Release|Any CPU
		{E0435900-EDF5-47B5-9FED-B90EB92BE540}.Release|Any CPU.Build.0 = Release|Any CPU
		{00411929-B4B3-48BE-9266-DF53F205738E}.Debug|Any CPU.ActiveCfg = Debug|Any CPU
		{00411929-B4B3-48BE-9266-DF53F205738E}.Debug|Any CPU.Build.0 = Debug|Any CPU
		{00411929-B4B3-48BE-9266-DF53F205738E}.Release|Any CPU.ActiveCfg = Release|Any CPU
		{00411929-B4B3-48BE-9266-DF53F205738E}.Release|Any CPU.Build.0 = Release|Any CPU
		{05BC363B-7DA5-4DFB-A418-24CC03B5D8FF}.Debug|Any CPU.ActiveCfg = Debug|Any CPU
		{05BC363B-7DA5-4DFB-A418-24CC03B5D8FF}.Debug|Any CPU.Build.0 = Debug|Any CPU
		{05BC363B-7DA5-4DFB-A418-24CC03B5D8FF}.Release|Any CPU.ActiveCfg = Release|Any CPU
		{05BC363B-7DA5-4DFB-A418-24CC03B5D8FF}.Release|Any CPU.Build.0 = Release|Any CPU
		{2966EB6E-D8DE-483B-87D6-060F0495B1B3}.Debug|Any CPU.ActiveCfg = Debug|Any CPU
		{2966EB6E-D8DE-483B-87D6-060F0495B1B3}.Debug|Any CPU.Build.0 = Debug|Any CPU
		{2966EB6E-D8DE-483B-87D6-060F0495B1B3}.Release|Any CPU.ActiveCfg = Release|Any CPU
		{2966EB6E-D8DE-483B-87D6-060F0495B1B3}.Release|Any CPU.Build.0 = Release|Any CPU
		{1DA7895C-D3C9-4564-997D-6FD47F6331E2}.Debug|Any CPU.ActiveCfg = Debug|Any CPU
		{1DA7895C-D3C9-4564-997D-6FD47F6331E2}.Debug|Any CPU.Build.0 = Debug|Any CPU
		{1DA7895C-D3C9-4564-997D-6FD47F6331E2}.Release|Any CPU.ActiveCfg = Release|Any CPU
		{1DA7895C-D3C9-4564-997D-6FD47F6331E2}.Release|Any CPU.Build.0 = Release|Any CPU
		{747C3996-1092-459C-9729-04CA356D5486}.Debug|Any CPU.ActiveCfg = Debug|Any CPU
		{747C3996-1092-459C-9729-04CA356D5486}.Debug|Any CPU.Build.0 = Debug|Any CPU
		{747C3996-1092-459C-9729-04CA356D5486}.Release|Any CPU.ActiveCfg = Release|Any CPU
		{747C3996-1092-459C-9729-04CA356D5486}.Release|Any CPU.Build.0 = Release|Any CPU
		{DC08BD2E-CE7C-473C-8B6F-6A72031C206F}.Debug|Any CPU.ActiveCfg = Debug|Any CPU
		{DC08BD2E-CE7C-473C-8B6F-6A72031C206F}.Debug|Any CPU.Build.0 = Debug|Any CPU
		{DC08BD2E-CE7C-473C-8B6F-6A72031C206F}.Release|Any CPU.ActiveCfg = Release|Any CPU
		{DC08BD2E-CE7C-473C-8B6F-6A72031C206F}.Release|Any CPU.Build.0 = Release|Any CPU
		{ED361537-12E3-4F3A-8DDC-DF138D6BA00F}.Debug|Any CPU.ActiveCfg = Debug|Any CPU
		{ED361537-12E3-4F3A-8DDC-DF138D6BA00F}.Debug|Any CPU.Build.0 = Debug|Any CPU
		{ED361537-12E3-4F3A-8DDC-DF138D6BA00F}.Release|Any CPU.ActiveCfg = Release|Any CPU
		{ED361537-12E3-4F3A-8DDC-DF138D6BA00F}.Release|Any CPU.Build.0 = Release|Any CPU
		{38215E3B-A034-4F00-BCA1-61F30A7B56D5}.Debug|Any CPU.ActiveCfg = Debug|Any CPU
		{38215E3B-A034-4F00-BCA1-61F30A7B56D5}.Debug|Any CPU.Build.0 = Debug|Any CPU
		{38215E3B-A034-4F00-BCA1-61F30A7B56D5}.Release|Any CPU.ActiveCfg = Release|Any CPU
		{38215E3B-A034-4F00-BCA1-61F30A7B56D5}.Release|Any CPU.Build.0 = Release|Any CPU
		{A5B7884B-CD14-45FE-9C73-BC6961DC32E2}.Debug|Any CPU.ActiveCfg = Debug|Any CPU
		{A5B7884B-CD14-45FE-9C73-BC6961DC32E2}.Debug|Any CPU.Build.0 = Debug|Any CPU
		{A5B7884B-CD14-45FE-9C73-BC6961DC32E2}.Release|Any CPU.ActiveCfg = Release|Any CPU
		{A5B7884B-CD14-45FE-9C73-BC6961DC32E2}.Release|Any CPU.Build.0 = Release|Any CPU
		{DE606647-5E37-4D77-BD7A-1E91B7F4014C}.Debug|Any CPU.ActiveCfg = Debug|Any CPU
		{DE606647-5E37-4D77-BD7A-1E91B7F4014C}.Debug|Any CPU.Build.0 = Debug|Any CPU
		{DE606647-5E37-4D77-BD7A-1E91B7F4014C}.Release|Any CPU.ActiveCfg = Release|Any CPU
		{DE606647-5E37-4D77-BD7A-1E91B7F4014C}.Release|Any CPU.Build.0 = Release|Any CPU
	EndGlobalSection
	GlobalSection(SolutionProperties) = preSolution
		HideSolutionNode = FALSE
	EndGlobalSection
	GlobalSection(NestedProjects) = preSolution
		{C1D60747-2F5E-457F-B683-8E9FF2C3D351} = {880C6949-9053-46C3-B7C4-B8C835E6DE6B}
		{2A53B038-4A62-4CB9-B668-88D2D7EDE78A} = {F1F9F7C7-BAD3-4F93-AA35-7433B1AF9EFC}
		{B1A7F4E3-011E-4517-9C9F-49707EBA47B1} = {F1F9F7C7-BAD3-4F93-AA35-7433B1AF9EFC}
		{9E7E9D0E-8A32-4C29-B428-6FDDD7EB8620} = {F1F9F7C7-BAD3-4F93-AA35-7433B1AF9EFC}
		{5FC2E04F-5215-48AC-BC3D-11DAE7CF6791} = {F1F9F7C7-BAD3-4F93-AA35-7433B1AF9EFC}
		{880C6949-9053-46C3-B7C4-B8C835E6DE6B} = {44B979F0-C61C-4DE3-B115-03B6E5417F07}
		{5B1CA414-CC3B-444F-B54A-43ABE7841969} = {880C6949-9053-46C3-B7C4-B8C835E6DE6B}
		{3DC6276B-2116-43E8-A622-5E38759F1491} = {44B979F0-C61C-4DE3-B115-03B6E5417F07}
		{EE662182-E56A-47E7-B34B-866FAC6A0355} = {3DC6276B-2116-43E8-A622-5E38759F1491}
		{E3FF4FC2-E8EE-4B2F-9770-DBFF9131808A} = {3DC6276B-2116-43E8-A622-5E38759F1491}
		{9AA38D8A-0274-4EBE-9950-601D7CDDDFD5} = {3DC6276B-2116-43E8-A622-5E38759F1491}
		{50AC1EAE-2DCB-4AF6-B548-3BE7DE31778F} = {1377D3E2-FE11-44BE-969E-ABD0FAE636F7}
		{E0435900-EDF5-47B5-9FED-B90EB92BE540} = {1377D3E2-FE11-44BE-969E-ABD0FAE636F7}
		{06A30947-13F3-412B-A7EF-C633C324CEDD} = {44B979F0-C61C-4DE3-B115-03B6E5417F07}
		{05BC363B-7DA5-4DFB-A418-24CC03B5D8FF} = {06A30947-13F3-412B-A7EF-C633C324CEDD}
		{403C7AC1-7AEA-4DD8-9B93-DB41BC3652FD} = {44B979F0-C61C-4DE3-B115-03B6E5417F07}
		{2966EB6E-D8DE-483B-87D6-060F0495B1B3} = {403C7AC1-7AEA-4DD8-9B93-DB41BC3652FD}
		{1DA7895C-D3C9-4564-997D-6FD47F6331E2} = {403C7AC1-7AEA-4DD8-9B93-DB41BC3652FD}
		{21E8BBC4-90B8-409D-9357-970CAC591B43} = {44B979F0-C61C-4DE3-B115-03B6E5417F07}
		{747C3996-1092-459C-9729-04CA356D5486} = {21E8BBC4-90B8-409D-9357-970CAC591B43}
		{DC08BD2E-CE7C-473C-8B6F-6A72031C206F} = {21E8BBC4-90B8-409D-9357-970CAC591B43}
		{ED361537-12E3-4F3A-8DDC-DF138D6BA00F} = {21E8BBC4-90B8-409D-9357-970CAC591B43}
		{B4C057B7-F208-43B7-8D54-9378E0FE0E08} = {44B979F0-C61C-4DE3-B115-03B6E5417F07}
		{38215E3B-A034-4F00-BCA1-61F30A7B56D5} = {B4C057B7-F208-43B7-8D54-9378E0FE0E08}
		{026203DA-76AD-43CF-A3D8-C866D84077D8} = {44B979F0-C61C-4DE3-B115-03B6E5417F07}
		{A5B7884B-CD14-45FE-9C73-BC6961DC32E2} = {026203DA-76AD-43CF-A3D8-C866D84077D8}
		{DE606647-5E37-4D77-BD7A-1E91B7F4014C} = {403C7AC1-7AEA-4DD8-9B93-DB41BC3652FD}
	EndGlobalSection
	GlobalSection(ExtensibilityGlobals) = postSolution
		SolutionGuid = {2D86CF92-DE03-4418-9069-919AB57A2DAA}
	EndGlobalSection
EndGlobal
